
Microsoft Visual Studio Solution File, Format Version 12.00
# Visual Studio Version 16
VisualStudioVersion = 16.0.31205.134
MinimumVisualStudioVersion = 10.0.40219.1
Project("{9A19103F-16F7-4668-BE54-9A1E7A4F7556}") = "AZ_Q_func_WeatherData", "AZ_Q_func_WeatherData.csproj", "{D3AE3211-AC56-4153-9387-41B67227A9E4}"
EndProject
Project("{FAE04EC0-301F-11D3-BF4B-00C04F79EFBC}") = "AZ_Q_weatherinjest", "..\AZ_Q_weatherinjest\AZ_Q_weatherinjest.csproj", "{D2DD3FA3-D66E-441E-8CB4-1F04F531F670}"
EndProject
Global
	GlobalSection(SolutionConfigurationPlatforms) = preSolution
		Debug|Any CPU = Debug|Any CPU
		Release|Any CPU = Release|Any CPU
	EndGlobalSection
	GlobalSection(ProjectConfigurationPlatforms) = postSolution
		{D3AE3211-AC56-4153-9387-41B67227A9E4}.Debug|Any CPU.ActiveCfg = Debug|Any CPU
		{D3AE3211-AC56-4153-9387-41B67227A9E4}.Debug|Any CPU.Build.0 = Debug|Any CPU
		{D3AE3211-AC56-4153-9387-41B67227A9E4}.Release|Any CPU.ActiveCfg = Release|Any CPU
		{D3AE3211-AC56-4153-9387-41B67227A9E4}.Release|Any CPU.Build.0 = Release|Any CPU
		{D2DD3FA3-D66E-441E-8CB4-1F04F531F670}.Debug|Any CPU.ActiveCfg = Debug|Any CPU
		{D2DD3FA3-D66E-441E-8CB4-1F04F531F670}.Debug|Any CPU.Build.0 = Debug|Any CPU
		{D2DD3FA3-D66E-441E-8CB4-1F04F531F670}.Release|Any CPU.ActiveCfg = Release|Any CPU
		{D2DD3FA3-D66E-441E-8CB4-1F04F531F670}.Release|Any CPU.Build.0 = Release|Any CPU
	EndGlobalSection
	GlobalSection(SolutionProperties) = preSolution
		HideSolutionNode = FALSE
	EndGlobalSection
	GlobalSection(ExtensibilityGlobals) = postSolution
		SolutionGuid = {A4DBCC8E-5363-46DC-B177-BF99FE349CEA}
	EndGlobalSection
EndGlobal
