
Microsoft Visual Studio Solution File, Format Version 12.00
# Visual Studio Version 16
VisualStudioVersion = 16.0.31205.134
MinimumVisualStudioVersion = 10.0.40219.1
Project("{FAE04EC0-301F-11D3-BF4B-00C04F79EFBC}") = "NumberToWords", "NumberToWords.csproj", "{BC238BFC-9811-411B-87C7-3557D8773985}"
EndProject
Global
	GlobalSection(SolutionConfigurationPlatforms) = preSolution
		Debug|Any CPU = Debug|Any CPU
		Release|Any CPU = Release|Any CPU
	EndGlobalSection
	GlobalSection(ProjectConfigurationPlatforms) = postSolution
		{BC238BFC-9811-411B-87C7-3557D8773985}.Debug|Any CPU.ActiveCfg = Debug|Any CPU
		{BC238BFC-9811-411B-87C7-3557D8773985}.Debug|Any CPU.Build.0 = Debug|Any CPU
		{BC238BFC-9811-411B-87C7-3557D8773985}.Release|Any CPU.ActiveCfg = Release|Any CPU
		{BC238BFC-9811-411B-87C7-3557D8773985}.Release|Any CPU.Build.0 = Release|Any CPU
	EndGlobalSection
	GlobalSection(SolutionProperties) = preSolution
		HideSolutionNode = FALSE
	EndGlobalSection
	GlobalSection(ExtensibilityGlobals) = postSolution
		SolutionGuid = {DC1F1E5C-CB6A-4855-A342-0E51755C7F1F}
	EndGlobalSection
EndGlobal
